
Microsoft Visual Studio Solution File, Format Version 12.00
# Visual Studio Version 17
VisualStudioVersion = 17.4.33205.214
MinimumVisualStudioVersion = 10.0.40219.1
Project("{FAE04EC0-301F-11D3-BF4B-00C04F79EFBC}") = "PatikaC101.TypeConvert", "PatikaC101.TypeConvert\PatikaC101.TypeConvert.csproj", "{8223C5DE-E4FF-4A4A-883D-1533DF4D67A1}"
EndProject
Global
	GlobalSection(SolutionConfigurationPlatforms) = preSolution
		Debug|Any CPU = Debug|Any CPU
		Release|Any CPU = Release|Any CPU
	EndGlobalSection
	GlobalSection(ProjectConfigurationPlatforms) = postSolution
		{8223C5DE-E4FF-4A4A-883D-1533DF4D67A1}.Debug|Any CPU.ActiveCfg = Debug|Any CPU
		{8223C5DE-E4FF-4A4A-883D-1533DF4D67A1}.Debug|Any CPU.Build.0 = Debug|Any CPU
		{8223C5DE-E4FF-4A4A-883D-1533DF4D67A1}.Release|Any CPU.ActiveCfg = Release|Any CPU
		{8223C5DE-E4FF-4A4A-883D-1533DF4D67A1}.Release|Any CPU.Build.0 = Release|Any CPU
	EndGlobalSection
	GlobalSection(SolutionProperties) = preSolution
		HideSolutionNode = FALSE
	EndGlobalSection
	GlobalSection(ExtensibilityGlobals) = postSolution
		SolutionGuid = {9688C95A-CB01-4C3F-9811-7AA1B346BA16}
	EndGlobalSection
EndGlobal
